// !$*UTF8*$!
{
	archiveVersion = 1;
	classes = {
	};
	objectVersion = 46;
	objects = {

/* Begin PBXBuildFile section */
		1183BD941CC18EED00D6BE83 /* AppDelegate.swift in Sources */ = {isa = PBXBuildFile; fileRef = 1183BD931CC18EED00D6BE83 /* AppDelegate.swift */; };
		1183BD961CC18EED00D6BE83 /* ViewController.swift in Sources */ = {isa = PBXBuildFile; fileRef = 1183BD951CC18EED00D6BE83 /* ViewController.swift */; };
		1183BD991CC18EED00D6BE83 /* Main.storyboard in Resources */ = {isa = PBXBuildFile; fileRef = 1183BD971CC18EED00D6BE83 /* Main.storyboard */; };
		1183BD9B1CC18EED00D6BE83 /* Assets.xcassets in Resources */ = {isa = PBXBuildFile; fileRef = 1183BD9A1CC18EED00D6BE83 /* Assets.xcassets */; };
		1183BD9E1CC18EED00D6BE83 /* LaunchScreen.storyboard in Resources */ = {isa = PBXBuildFile; fileRef = 1183BD9C1CC18EED00D6BE83 /* LaunchScreen.storyboard */; };
		1183BDAA1CC1A26200D6BE83 /* iOSInsightLogo.png in Resources */ = {isa = PBXBuildFile; fileRef = 1183BDA91CC1A26200D6BE83 /* iOSInsightLogo.png */; };
/* End PBXBuildFile section */

/* Begin PBXFileReference section */
		1183BD901CC18EED00D6BE83 /* AutoLayoutConstraintPriority.app */ = {isa = PBXFileReference; explicitFileType = wrapper.application; includeInIndex = 0; path = AutoLayoutConstraintPriority.app; sourceTree = BUILT_PRODUCTS_DIR; };
		1183BD931CC18EED00D6BE83 /* AppDelegate.swift */ = {isa = PBXFileReference; lastKnownFileType = sourcecode.swift; path = AppDelegate.swift; sourceTree = "<group>"; };
		1183BD951CC18EED00D6BE83 /* ViewController.swift */ = {isa = PBXFileReference; lastKnownFileType = sourcecode.swift; path = ViewController.swift; sourceTree = "<group>"; };
		1183BD981CC18EED00D6BE83 /* Base */ = {isa = PBXFileReference; lastKnownFileType = file.storyboard; name = Base; path = Base.lproj/Main.storyboard; sourceTree = "<group>"; };
		1183BD9A1CC18EED00D6BE83 /* Assets.xcassets */ = {isa = PBXFileReference; lastKnownFileType = folder.assetcatalog; path = Assets.xcassets; sourceTree = "<group>"; };
		1183BD9D1CC18EED00D6BE83 /* Base */ = {isa = PBXFileReference; lastKnownFileType = file.storyboard; name = Base; path = Base.lproj/LaunchScreen.storyboard; sourceTree = "<group>"; };
		1183BD9F1CC18EED00D6BE83 /* Info.plist */ = {isa = PBXFileReference; lastKnownFileType = text.plist.xml; path = Info.plist; sourceTree = "<group>"; };
		1183BDA91CC1A26200D6BE83 /* iOSInsightLogo.png */ = {isa = PBXFileReference; lastKnownFileType = image.png; path = iOSInsightLogo.png; sourceTree = "<group>"; };
/* End PBXFileReference section */

/* Begin PBXFrameworksBuildPhase section */
		1183BD8D1CC18EED00D6BE83 /* Frameworks */ = {
			isa = PBXFrameworksBuildPhase;
			buildActionMask = 2147483647;
			files = (
			);
			runOnlyForDeploymentPostprocessing = 0;
		};
/* End PBXFrameworksBuildPhase section */

/* Begin PBXGroup section */
		1183BD871CC18EED00D6BE83 = {
			isa = PBXGroup;
			children = (
				1183BD921CC18EED00D6BE83 /* AutoLayoutConstraintPriority */,
				1183BD911CC18EED00D6BE83 /* Products */,
			);
			sourceTree = "<group>";
		};
		1183BD911CC18EED00D6BE83 /* Products */ = {
			isa = PBXGroup;
			children = (
				1183BD901CC18EED00D6BE83 /* AutoLayoutConstraintPriority.app */,
			);
			name = Products;
			sourceTree = "<group>";
		};
		1183BD921CC18EED00D6BE83 /* AutoLayoutConstraintPriority */ = {
			isa = PBXGroup;
			children = (
				1183BD931CC18EED00D6BE83 /* AppDelegate.swift */,
				1183BD951CC18EED00D6BE83 /* ViewController.swift */,
				1183BDA91CC1A26200D6BE83 /* iOSInsightLogo.png */,
				1183BD971CC18EED00D6BE83 /* Main.storyboard */,
				1183BD9A1CC18EED00D6BE83 /* Assets.xcassets */,
				1183BD9C1CC18EED00D6BE83 /* LaunchScreen.storyboard */,
				1183BD9F1CC18EED00D6BE83 /* Info.plist */,
			);
			path = AutoLayoutConstraintPriority;
			sourceTree = "<group>";
		};
/* End PBXGroup section */

/* Begin PBXNativeTarget section */
		1183BD8F1CC18EED00D6BE83 /* AutoLayoutConstraintPriority */ = {
			isa = PBXNativeTarget;
			buildConfigurationList = 1183BDA21CC18EED00D6BE83 /* Build configuration list for PBXNativeTarget "AutoLayoutConstraintPriority" */;
			buildPhases = (
				1183BD8C1CC18EED00D6BE83 /* Sources */,
				1183BD8D1CC18EED00D6BE83 /* Frameworks */,
				1183BD8E1CC18EED00D6BE83 /* Resources */,
			);
			buildRules = (
			);
			dependencies = (
			);
			name = AutoLayoutConstraintPriority;
			productName = AutoLayoutConstraintPriority;
			productReference = 1183BD901CC18EED00D6BE83 /* AutoLayoutConstraintPriority.app */;
			productType = "com.apple.product-type.application";
		};
/* End PBXNativeTarget section */

/* Begin PBXProject section */
		1183BD881CC18EED00D6BE83 /* Project object */ = {
			isa = PBXProject;
			attributes = {
				LastSwiftUpdateCheck = 0730;
				LastUpgradeCheck = 0730;
				ORGANIZATIONNAME = LawrenceM;
				TargetAttributes = {
					1183BD8F1CC18EED00D6BE83 = {
						CreatedOnToolsVersion = 7.3;
					};
				};
			};
			buildConfigurationList = 1183BD8B1CC18EED00D6BE83 /* Build configuration list for PBXProject "AutoLayoutConstraintPriority" */;
			compatibilityVersion = "Xcode 3.2";
			developmentRegion = English;
			hasScannedForEncodings = 0;
			knownRegions = (
				en,
				Base,
			);
			mainGroup = 1183BD871CC18EED00D6BE83;
			productRefGroup = 1183BD911CC18EED00D6BE83 /* Products */;
			projectDirPath = "";
			projectRoot = "";
			targets = (
				1183BD8F1CC18EED00D6BE83 /* AutoLayoutConstraintPriority */,
			);
		};
/* End PBXProject section */

/* Begin PBXResourcesBuildPhase section */
		1183BD8E1CC18EED00D6BE83 /* Resources */ = {
			isa = PBXResourcesBuildPhase;
			buildActionMask = 2147483647;
			files = (
				1183BD9E1CC18EED00D6BE83 /* LaunchScreen.storyboard in Resources */,
				1183BD9B1CC18EED00D6BE83 /* Assets.xcassets in Resources */,
				1183BD991CC18EED00D6BE83 /* Main.storyboard in Resources */,
				1183BDAA1CC1A26200D6BE83 /* iOSInsightLogo.png in Resources */,
			);
			runOnlyForDeploymentPostprocessing = 0;
		};
/* End PBXResourcesBuildPhase section */

/* Begin PBXSourcesBuildPhase section */
		1183BD8C1CC18EED00D6BE83 /* Sources */ = {
			isa = PBXSourcesBuildPhase;
			buildActionMask = 2147483647;
			files = (
				1183BD961CC18EED00D6BE83 /* ViewController.swift in Sources */,
				1183BD941CC18EED00D6BE83 /* AppDelegate.swift in Sources */,
			);
			runOnlyForDeploymentPostprocessing = 0;
		};
/* End PBXSourcesBuildPhase section */

/* Begin PBXVariantGroup section */
		1183BD971CC18EED00D6BE83 /* Main.storyboard */ = {
			isa = PBXVariantGroup;
			children = (
				1183BD981CC18EED00D6BE83 /* Base */,
			);
			name = Main.storyboard;
			sourceTree = "<group>";
		};
		1183BD9C1CC18EED00D6BE83 /* LaunchScreen.storyboard */ = {
			isa = PBXVariantGroup;
			children = (
				1183BD9D1CC18EED00D6BE83 /* Base */,
			);
			name = LaunchScreen.storyboard;
			sourceTree = "<group>";
		};
/* End PBXVariantGroup section */

/* Begin XCBuildConfiguration section */
		1183BDA01CC18EED00D6BE83 /* Debug */ = {
			isa = XCBuildConfiguration;
			buildSettings = {
				ALWAYS_SEARCH_USER_PATHS = NO;
				CLANG_ANALYZER_NONNULL = YES;
				CLANG_CXX_LANGUAGE_STANDARD = "gnu++0x";
				CLANG_CXX_LIBRARY = "libc++";
				CLANG_ENABLE_MODULES = YES;
				CLANG_ENABLE_OBJC_ARC = YES;
				CLANG_WARN_BOOL_CONVERSION = YES;
				CLANG_WARN_CONSTANT_CONVERSION = YES;
				CLANG_WARN_DIRECT_OBJC_ISA_USAGE = YES_ERROR;
				CLANG_WARN_EMPTY_BODY = YES;
				CLANG_WARN_ENUM_CONVERSION = YES;
				CLANG_WARN_INT_CONVERSION = YES;
				CLANG_WARN_OBJC_ROOT_CLASS = YES_ERROR;
				CLANG_WARN_UNREACHABLE_CODE = YES;
				CLANG_WARN__DUPLICATE_METHOD_MATCH = YES;
				"CODE_SIGN_IDENTITY[sdk=iphoneos*]" = "iPhone Developer";
				COPY_PHASE_STRIP = NO;
				DEBUG_INFORMATION_FORMAT = dwarf;
				ENABLE_STRICT_OBJC_MSGSEND = YES;
				ENABLE_TESTABILITY = YES;
				GCC_C_LANGUAGE_STANDARD = gnu99;
				GCC_DYNAMIC_NO_PIC = NO;
				GCC_NO_COMMON_BLOCKS = YES;
				GCC_OPTIMIZATION_LEVEL = 0;
				GCC_PREPROCESSOR_DEFINITIONS = (
					"DEBUG=1",
					"$(inherited)",
				);
				GCC_WARN_64_TO_32_BIT_CONVERSION = YES;
				GCC_WARN_ABOUT_RETURN_TYPE = YES_ERROR;
				GCC_WARN_UNDECLARED_SELECTOR = YES;
				GCC_WARN_UNINITIALIZED_AUTOS = YES_AGGRESSIVE;
				GCC_WARN_UNUSED_FUNCTION = YES;
				GCC_WARN_UNUSED_VARIABLE = YES;
				IPHONEOS_DEPLOYMENT_TARGET = 9.3;
				MTL_ENABLE_DEBUG_INFO = YES;
				ONLY_ACTIVE_ARCH = YES;
				SDKROOT = iphoneos;
				SWIFT_OPTIMIZATION_LEVEL = "-Onone";
				TARGETED_DEVICE_FAMILY = "1,2";
			};
			name = Debug;
		};
		1183BDA11CC18EED00D6BE83 /* Release */ = {
			isa = XCBuildConfiguration;
			buildSettings = {
				ALWAYS_SEARCH_USER_PATHS = NO;
				CLANG_ANALYZER_NONNULL = YES;
				CLANG_CXX_LANGUAGE_STANDARD = "gnu++0x";
				CLANG_CXX_LIBRARY = "libc++";
				CLANG_ENABLE_MODULES = YES;
				CLANG_ENABLE_OBJC_ARC = YES;
				CLANG_WARN_BOOL_CONVERSION = YES;
				CLANG_WARN_CONSTANT_CONVERSION = YES;
				CLANG_WARN_DIRECT_OBJC_ISA_USAGE = YES_ERROR;
				CLANG_WARN_EMPTY_BODY = YES;
				CLANG_WARN_ENUM_CONVERSION = YES;
				CLANG_WARN_INT_CONVERSION = YES;
				CLANG_WARN_OBJC_ROOT_CLASS = YES_ERROR;
				CLANG_WARN_UNREACHABLE_CODE = YES;
				CLANG_WARN__DUPLICATE_METHOD_MATCH = YES;
				"CODE_SIGN_IDENTITY[sdk=iphoneos*]" = "iPhone Developer";
				COPY_PHASE_STRIP = NO;
				DEBUG_INFORMATION_FORMAT = "dwarf-with-dsym";
				ENABLE_NS_ASSERTIONS = NO;
				ENABLE_STRICT_OBJC_MSGSEND = YES;
				GCC_C_LANGUAGE_STANDARD = gnu99;
				GCC_NO_COMMON_BLOCKS = YES;
				GCC_WARN_64_TO_32_BIT_CONVERSION = YES;
				GCC_WARN_ABOUT_RETURN_TYPE = YES_ERROR;
				GCC_WARN_UNDECLARED_SELECTOR = YES;
				GCC_WARN_UNINITIALIZED_AUTOS = YES_AGGRESSIVE;
				GCC_WARN_UNUSED_FUNCTION = YES;
				GCC_WARN_UNUSED_VARIABLE = YES;
				IPHONEOS_DEPLOYMENT_TARGET = 9.3;
				MTL_ENABLE_DEBUG_INFO = NO;
				SDKROOT = iphoneos;
				TARGETED_DEVICE_FAMILY = "1,2";
				VALIDATE_PRODUCT = YES;
			};
			name = Release;
		};
		1183BDA31CC18EED00D6BE83 /* Debug */ = {
			isa = XCBuildConfiguration;
			buildSettings = {
				ASSETCATALOG_COMPILER_APPICON_NAME = AppIcon;
				INFOPLIST_FILE = AutoLayoutConstraintPriority/Info.plist;
				LD_RUNPATH_SEARCH_PATHS = "$(inherited) @executable_path/Frameworks";
				PRODUCT_BUNDLE_IDENTIFIER = com.lawrencem.AutoLayoutConstraintPriority;
				PRODUCT_NAME = "$(TARGET_NAME)";
			};
			name = Debug;
		};
		1183BDA41CC18EED00D6BE83 /* Release */ = {
			isa = XCBuildConfiguration;
			buildSettings = {
				ASSETCATALOG_COMPILER_APPICON_NAME = AppIcon;
				INFOPLIST_FILE = AutoLayoutConstraintPriority/Info.plist;
				LD_RUNPATH_SEARCH_PATHS = "$(inherited) @executable_path/Frameworks";
				PRODUCT_BUNDLE_IDENTIFIER = com.lawrencem.AutoLayoutConstraintPriority;
				PRODUCT_NAME = "$(TARGET_NAME)";
			};
			name = Release;
		};
/* End XCBuildConfiguration section */

/* Begin XCConfigurationList section */
		1183BD8B1CC18EED00D6BE83 /* Build configuration list for PBXProject "AutoLayoutConstraintPriority" */ = {
			isa = XCConfigurationList;
			buildConfigurations = (
				1183BDA01CC18EED00D6BE83 /* Debug */,
				1183BDA11CC18EED00D6BE83 /* Release */,
			);
			defaultConfigurationIsVisible = 0;
			defaultConfigurationName = Release;
		};
		1183BDA21CC18EED00D6BE83 /* Build configuration list for PBXNativeTarget "AutoLayoutConstraintPriority" */ = {
			isa = XCConfigurationList;
			buildConfigurations = (
				1183BDA31CC18EED00D6BE83 /* Debug */,
				1183BDA41CC18EED00D6BE83 /* Release */,
			);
			defaultConfigurationIsVisible = 0;
		};
/* End XCConfigurationList section */
	};
	rootObject = 1183BD881CC18EED00D6BE83 /* Project object */;
}
